
Microsoft Visual Studio Solution File, Format Version 12.00
# Visual Studio Version 17
VisualStudioVersion = 17.6.33815.320
MinimumVisualStudioVersion = 10.0.40219.1
Project("{9A19103F-16F7-4668-BE54-9A1E7A4F7556}") = "Homework.Enverus.InternationalRigCountImport.Console", "Homework.Enverus.InternationalRigCountImport.Console\Homework.Enverus.InternationalRigCountImport.Console.csproj", "{25C479E4-530C-4FB7-BEC3-FF9634CD0827}"
EndProject
Project("{9A19103F-16F7-4668-BE54-9A1E7A4F7556}") = "Homework.Enverus.InternationalRigCountImport.Core", "Homework.Enverus.InternationalRigCountImport.Core\Homework.Enverus.InternationalRigCountImport.Core.csproj", "{141A02BF-7284-43FD-98A8-8ECDFC5ED26A}"
EndProject
Project("{FAE04EC0-301F-11D3-BF4B-00C04F79EFBC}") = "Homework.Enverus.Shared.Logging", "Homework.Enverus.Shared.Logging\Homework.Enverus.Shared.Logging.csproj", "{57B18208-C686-4456-8B2C-75CBB29F3E25}"
EndProject
Project("{FAE04EC0-301F-11D3-BF4B-00C04F79EFBC}") = "Homework.Enverus.InternationalRigCountImport.Test", "Homework.Enverus.InternationalRigCountImport.Test\Homework.Enverus.InternationalRigCountImport.Test.csproj", "{64909567-881E-43A1-BBA5-0797FFCDA245}"
EndProject
Global
	GlobalSection(SolutionConfigurationPlatforms) = preSolution
		Debug|Any CPU = Debug|Any CPU
		Release|Any CPU = Release|Any CPU
	EndGlobalSection
	GlobalSection(ProjectConfigurationPlatforms) = postSolution
		{25C479E4-530C-4FB7-BEC3-FF9634CD0827}.Debug|Any CPU.ActiveCfg = Debug|Any CPU
		{25C479E4-530C-4FB7-BEC3-FF9634CD0827}.Debug|Any CPU.Build.0 = Debug|Any CPU
		{25C479E4-530C-4FB7-BEC3-FF9634CD0827}.Release|Any CPU.ActiveCfg = Release|Any CPU
		{25C479E4-530C-4FB7-BEC3-FF9634CD0827}.Release|Any CPU.Build.0 = Release|Any CPU
		{141A02BF-7284-43FD-98A8-8ECDFC5ED26A}.Debug|Any CPU.ActiveCfg = Debug|Any CPU
		{141A02BF-7284-43FD-98A8-8ECDFC5ED26A}.Debug|Any CPU.Build.0 = Debug|Any CPU
		{141A02BF-7284-43FD-98A8-8ECDFC5ED26A}.Release|Any CPU.ActiveCfg = Release|Any CPU
		{141A02BF-7284-43FD-98A8-8ECDFC5ED26A}.Release|Any CPU.Build.0 = Release|Any CPU
		{57B18208-C686-4456-8B2C-75CBB29F3E25}.Debug|Any CPU.ActiveCfg = Debug|Any CPU
		{57B18208-C686-4456-8B2C-75CBB29F3E25}.Debug|Any CPU.Build.0 = Debug|Any CPU
		{57B18208-C686-4456-8B2C-75CBB29F3E25}.Release|Any CPU.ActiveCfg = Release|Any CPU
		{57B18208-C686-4456-8B2C-75CBB29F3E25}.Release|Any CPU.Build.0 = Release|Any CPU
		{64909567-881E-43A1-BBA5-0797FFCDA245}.Debug|Any CPU.ActiveCfg = Debug|Any CPU
		{64909567-881E-43A1-BBA5-0797FFCDA245}.Debug|Any CPU.Build.0 = Debug|Any CPU
		{64909567-881E-43A1-BBA5-0797FFCDA245}.Release|Any CPU.ActiveCfg = Release|Any CPU
		{64909567-881E-43A1-BBA5-0797FFCDA245}.Release|Any CPU.Build.0 = Release|Any CPU
	EndGlobalSection
	GlobalSection(SolutionProperties) = preSolution
		HideSolutionNode = FALSE
	EndGlobalSection
	GlobalSection(ExtensibilityGlobals) = postSolution
		SolutionGuid = {83A36D70-5112-424D-922A-1092056F2E8B}
	EndGlobalSection
EndGlobal
